
Microsoft Visual Studio Solution File, Format Version 12.00
# Visual Studio Version 17
VisualStudioVersion = 17.3.32901.215
MinimumVisualStudioVersion = 10.0.40219.1
Project("{9A19103F-16F7-4668-BE54-9A1E7A4F7556}") = "MazeRunner", "MazeRunner.csproj", "{2EEC78BA-2944-455A-9A78-C02B4A66C643}"
EndProject
Project("{2150E333-8FDC-42A3-9474-1A3956D46DE8}") = "Solution Items", "Solution Items", "{B52F2689-CA71-4FE8-885F-563B5F545919}"
EndProject
Global
	GlobalSection(SolutionConfigurationPlatforms) = preSolution
		Debug|Any CPU = Debug|Any CPU
		Release|Any CPU = Release|Any CPU
	EndGlobalSection
	GlobalSection(ProjectConfigurationPlatforms) = postSolution
		{2EEC78BA-2944-455A-9A78-C02B4A66C643}.Debug|Any CPU.ActiveCfg = Debug|Any CPU
		{2EEC78BA-2944-455A-9A78-C02B4A66C643}.Debug|Any CPU.Build.0 = Debug|Any CPU
		{2EEC78BA-2944-455A-9A78-C02B4A66C643}.Release|Any CPU.ActiveCfg = Release|Any CPU
		{2EEC78BA-2944-455A-9A78-C02B4A66C643}.Release|Any CPU.Build.0 = Release|Any CPU
	EndGlobalSection
	GlobalSection(SolutionProperties) = preSolution
		HideSolutionNode = FALSE
	EndGlobalSection
	GlobalSection(ExtensibilityGlobals) = postSolution
		SolutionGuid = {4911D9A9-D488-4BAD-B0A0-47E43A1D33DC}
	EndGlobalSection
EndGlobal
